
Microsoft Visual Studio Solution File, Format Version 12.00
# Visual Studio Version 17
VisualStudioVersion = 17.9.34622.214
MinimumVisualStudioVersion = 10.0.40219.1
Project("{54A90642-561A-4BB1-A94E-469ADEE60C69}") = "Frontend", "frontend\frontend.esproj", "{05511C6C-64BB-42BF-845A-03046D02C593}"
EndProject
Project("{9A19103F-16F7-4668-BE54-9A1E7A4F7556}") = "Backend", "backend\Howabout.csproj", "{2D31D23E-97E1-4831-84A6-40E0744EB5E8}"
EndProject
Project("{FAE04EC0-301F-11D3-BF4B-00C04F79EFBC}") = "Tests", "tests\Howabout.Tests.csproj", "{A0C717B2-BA9A-42FB-83F5-111D9A4E6F66}"
EndProject
Global
	GlobalSection(SolutionConfigurationPlatforms) = preSolution
		Debug|Any CPU = Debug|Any CPU
		Release|Any CPU = Release|Any CPU
	EndGlobalSection
	GlobalSection(ProjectConfigurationPlatforms) = postSolution
		{2D31D23E-97E1-4831-84A6-40E0744EB5E8}.Debug|Any CPU.ActiveCfg = Debug|Any CPU
		{2D31D23E-97E1-4831-84A6-40E0744EB5E8}.Debug|Any CPU.Build.0 = Debug|Any CPU
		{2D31D23E-97E1-4831-84A6-40E0744EB5E8}.Release|Any CPU.ActiveCfg = Release|Any CPU
		{2D31D23E-97E1-4831-84A6-40E0744EB5E8}.Release|Any CPU.Build.0 = Release|Any CPU
		{05511C6C-64BB-42BF-845A-03046D02C593}.Debug|Any CPU.ActiveCfg = Debug|Any CPU
		{05511C6C-64BB-42BF-845A-03046D02C593}.Debug|Any CPU.Build.0 = Debug|Any CPU
		{05511C6C-64BB-42BF-845A-03046D02C593}.Debug|Any CPU.Deploy.0 = Debug|Any CPU
		{05511C6C-64BB-42BF-845A-03046D02C593}.Release|Any CPU.ActiveCfg = Release|Any CPU
		{05511C6C-64BB-42BF-845A-03046D02C593}.Release|Any CPU.Build.0 = Release|Any CPU
		{05511C6C-64BB-42BF-845A-03046D02C593}.Release|Any CPU.Deploy.0 = Release|Any CPU
		{A0C717B2-BA9A-42FB-83F5-111D9A4E6F66}.Debug|Any CPU.ActiveCfg = Debug|Any CPU
		{A0C717B2-BA9A-42FB-83F5-111D9A4E6F66}.Debug|Any CPU.Build.0 = Debug|Any CPU
		{A0C717B2-BA9A-42FB-83F5-111D9A4E6F66}.Release|Any CPU.ActiveCfg = Release|Any CPU
		{A0C717B2-BA9A-42FB-83F5-111D9A4E6F66}.Release|Any CPU.Build.0 = Release|Any CPU
	EndGlobalSection
	GlobalSection(SolutionProperties) = preSolution
		HideSolutionNode = FALSE
	EndGlobalSection
	GlobalSection(ExtensibilityGlobals) = postSolution
		SolutionGuid = {F79EF90C-536C-4AC3-837C-523FBCB28347}
	EndGlobalSection
EndGlobal
